
Microsoft Visual Studio Solution File, Format Version 12.00
# Visual Studio Version 16
VisualStudioVersion = 16.0.30503.244
MinimumVisualStudioVersion = 10.0.40219.1
Project("{9A19103F-16F7-4668-BE54-9A1E7A4F7556}") = "eShop.WebApp", "eShop.WebApp\eShop.WebApp.csproj", "{09B71254-EBCB-4FAA-9F26-407D5DC0B3C4}"
EndProject
Project("{2150E333-8FDC-42A3-9474-1A3956D46DE8}") = "Solution Items", "Solution Items", "{D2AC45A5-F590-4215-9BF2-839C4388762A}"
	ProjectSection(SolutionItems) = preProject
		README.md = README.md
	EndProjectSection
EndProject
Global
	GlobalSection(SolutionConfigurationPlatforms) = preSolution
		Debug|Any CPU = Debug|Any CPU
		Release|Any CPU = Release|Any CPU
	EndGlobalSection
	GlobalSection(ProjectConfigurationPlatforms) = postSolution
		{09B71254-EBCB-4FAA-9F26-407D5DC0B3C4}.Debug|Any CPU.ActiveCfg = Debug|Any CPU
		{09B71254-EBCB-4FAA-9F26-407D5DC0B3C4}.Debug|Any CPU.Build.0 = Debug|Any CPU
		{09B71254-EBCB-4FAA-9F26-407D5DC0B3C4}.Release|Any CPU.ActiveCfg = Release|Any CPU
		{09B71254-EBCB-4FAA-9F26-407D5DC0B3C4}.Release|Any CPU.Build.0 = Release|Any CPU
	EndGlobalSection
	GlobalSection(SolutionProperties) = preSolution
		HideSolutionNode = FALSE
	EndGlobalSection
	GlobalSection(ExtensibilityGlobals) = postSolution
		SolutionGuid = {C18510F8-CCDB-4FAC-A9C8-F9CC13EB44F0}
	EndGlobalSection
EndGlobal
